
Microsoft Visual Studio Solution File, Format Version 12.00
# Visual Studio Version 17
VisualStudioVersion = 17.2.32519.379
MinimumVisualStudioVersion = 10.0.40219.1
Project("{FAE04EC0-301F-11D3-BF4B-00C04F79EFBC}") = "pryRodriguezIE", "pryRodriguezIE\pryRodriguezIE.csproj", "{B35F8080-B891-4989-9912-F8225FB96D71}"
EndProject
Global
	GlobalSection(SolutionConfigurationPlatforms) = preSolution
		Debug|Any CPU = Debug|Any CPU
		Release|Any CPU = Release|Any CPU
	EndGlobalSection
	GlobalSection(ProjectConfigurationPlatforms) = postSolution
		{B35F8080-B891-4989-9912-F8225FB96D71}.Debug|Any CPU.ActiveCfg = Debug|Any CPU
		{B35F8080-B891-4989-9912-F8225FB96D71}.Debug|Any CPU.Build.0 = Debug|Any CPU
		{B35F8080-B891-4989-9912-F8225FB96D71}.Release|Any CPU.ActiveCfg = Release|Any CPU
		{B35F8080-B891-4989-9912-F8225FB96D71}.Release|Any CPU.Build.0 = Release|Any CPU
	EndGlobalSection
	GlobalSection(SolutionProperties) = preSolution
		HideSolutionNode = FALSE
	EndGlobalSection
	GlobalSection(ExtensibilityGlobals) = postSolution
		SolutionGuid = {BCBF578B-0776-436B-B7A2-588984032FE4}
	EndGlobalSection
EndGlobal
